
Microsoft Visual Studio Solution File, Format Version 12.00
# Visual Studio Version 16
VisualStudioVersion = 16.0.31321.278
MinimumVisualStudioVersion = 10.0.40219.1
Project("{FAE04EC0-301F-11D3-BF4B-00C04F79EFBC}") = "WordApp", "WordApp\WordApp.csproj", "{279F2284-7936-410B-A24E-EF598835F00E}"
EndProject
Global
	GlobalSection(SolutionConfigurationPlatforms) = preSolution
		Debug|Any CPU = Debug|Any CPU
		Release|Any CPU = Release|Any CPU
	EndGlobalSection
	GlobalSection(ProjectConfigurationPlatforms) = postSolution
		{279F2284-7936-410B-A24E-EF598835F00E}.Debug|Any CPU.ActiveCfg = Debug|Any CPU
		{279F2284-7936-410B-A24E-EF598835F00E}.Debug|Any CPU.Build.0 = Debug|Any CPU
		{279F2284-7936-410B-A24E-EF598835F00E}.Release|Any CPU.ActiveCfg = Release|Any CPU
		{279F2284-7936-410B-A24E-EF598835F00E}.Release|Any CPU.Build.0 = Release|Any CPU
	EndGlobalSection
	GlobalSection(SolutionProperties) = preSolution
		HideSolutionNode = FALSE
	EndGlobalSection
	GlobalSection(ExtensibilityGlobals) = postSolution
		SolutionGuid = {53DEA224-19B6-4D29-8549-E6D9774C545E}
	EndGlobalSection
EndGlobal
